
Microsoft Visual Studio Solution File, Format Version 12.00
# Visual Studio Version 17
VisualStudioVersion = 17.5.002.0
MinimumVisualStudioVersion = 10.0.40219.1
Project("{9A19103F-16F7-4668-BE54-9A1E7A4F7556}") = "GraphQLTest", "GraphQLTest\GraphQLTest.csproj", "{385AEBDD-18B7-4566-9747-0BF9EF2CB9B6}"
EndProject
Global
	GlobalSection(SolutionConfigurationPlatforms) = preSolution
		Debug|Any CPU = Debug|Any CPU
		Release|Any CPU = Release|Any CPU
	EndGlobalSection
	GlobalSection(ProjectConfigurationPlatforms) = postSolution
		{385AEBDD-18B7-4566-9747-0BF9EF2CB9B6}.Debug|Any CPU.ActiveCfg = Debug|Any CPU
		{385AEBDD-18B7-4566-9747-0BF9EF2CB9B6}.Debug|Any CPU.Build.0 = Debug|Any CPU
		{385AEBDD-18B7-4566-9747-0BF9EF2CB9B6}.Release|Any CPU.ActiveCfg = Release|Any CPU
		{385AEBDD-18B7-4566-9747-0BF9EF2CB9B6}.Release|Any CPU.Build.0 = Release|Any CPU
	EndGlobalSection
	GlobalSection(SolutionProperties) = preSolution
		HideSolutionNode = FALSE
	EndGlobalSection
	GlobalSection(ExtensibilityGlobals) = postSolution
		SolutionGuid = {EEE5B2A8-5A20-45C2-B277-3C97767F05B6}
	EndGlobalSection
EndGlobal
